
Microsoft Visual Studio Solution File, Format Version 12.00
# Visual Studio 14
VisualStudioVersion = 14.0.23107.0
MinimumVisualStudioVersion = 10.0.40219.1
Project("{FAE04EC0-301F-11D3-BF4B-00C04F79EFBC}") = "CattleTrack.Web", "CattleTrack\CattleTrack.Web.csproj", "{020C5D57-0576-41B1-AE47-9447B9BE9F69}"
EndProject
Project("{FAE04EC0-301F-11D3-BF4B-00C04F79EFBC}") = "CattleTrack.Tests", "CattleTrack.Tests\CattleTrack.Tests.csproj", "{6FF5F0FE-B5F7-447F-B773-218A3F310CA3}"
EndProject
Project("{FAE04EC0-301F-11D3-BF4B-00C04F79EFBC}") = "CattleTrack.Data", "CattleTrack.Data\CattleTrack.Data.csproj", "{AE3E1364-FCCE-489F-88AE-E95E0ED5DF5D}"
EndProject
Global
	GlobalSection(SolutionConfigurationPlatforms) = preSolution
		Debug|Any CPU = Debug|Any CPU
		Release|Any CPU = Release|Any CPU
	EndGlobalSection
	GlobalSection(ProjectConfigurationPlatforms) = postSolution
		{020C5D57-0576-41B1-AE47-9447B9BE9F69}.Debug|Any CPU.ActiveCfg = Debug|Any CPU
		{020C5D57-0576-41B1-AE47-9447B9BE9F69}.Debug|Any CPU.Build.0 = Debug|Any CPU
		{020C5D57-0576-41B1-AE47-9447B9BE9F69}.Release|Any CPU.ActiveCfg = Release|Any CPU
		{020C5D57-0576-41B1-AE47-9447B9BE9F69}.Release|Any CPU.Build.0 = Release|Any CPU
		{6FF5F0FE-B5F7-447F-B773-218A3F310CA3}.Debug|Any CPU.ActiveCfg = Debug|Any CPU
		{6FF5F0FE-B5F7-447F-B773-218A3F310CA3}.Debug|Any CPU.Build.0 = Debug|Any CPU
		{6FF5F0FE-B5F7-447F-B773-218A3F310CA3}.Release|Any CPU.ActiveCfg = Release|Any CPU
		{6FF5F0FE-B5F7-447F-B773-218A3F310CA3}.Release|Any CPU.Build.0 = Release|Any CPU
		{AE3E1364-FCCE-489F-88AE-E95E0ED5DF5D}.Debug|Any CPU.ActiveCfg = Debug|Any CPU
		{AE3E1364-FCCE-489F-88AE-E95E0ED5DF5D}.Debug|Any CPU.Build.0 = Debug|Any CPU
		{AE3E1364-FCCE-489F-88AE-E95E0ED5DF5D}.Release|Any CPU.ActiveCfg = Release|Any CPU
		{AE3E1364-FCCE-489F-88AE-E95E0ED5DF5D}.Release|Any CPU.Build.0 = Release|Any CPU
	EndGlobalSection
	GlobalSection(SolutionProperties) = preSolution
		HideSolutionNode = FALSE
	EndGlobalSection
EndGlobal
